{
    "_readme": [
        "This file locks the dependencies of your project to a known state",
        "Read more about it at https://getcomposer.org/doc/01-basic-usage.md#installing-dependencies",
        "This file is @generated automatically"
    ],
    "content-hash": "482fada7f4a966cab563dc5b88f1d1ed",
    "packages": [],
    "packages-dev": [
        {
            "name": "vrana/jsshrink",
            "version": "dev-main",
            "source": {
                "type": "git",
                "url": "https://github.com/vrana/JsShrink.git",
                "reference": "863c0e65c38bbc51308361ebb053599653060659"
            },
            "dist": {
                "type": "zip",
                "url": "https://api.github.com/repos/vrana/JsShrink/zipball/863c0e65c38bbc51308361ebb053599653060659",
                "reference": "863c0e65c38bbc51308361ebb053599653060659",
                "shasum": ""
            },
            "require": {
                "php": ">=5.3"
            },
            "default-branch": true,
            "type": "library",
            "extra": {
                "component": {
                    "scripts": [
                        "jsShrink.js"
                    ]
                }
            },
            "autoload": {
                "files": [
                    "jsShrink.js"
                ]
            },
            "notification-url": "https://packagist.org/downloads/",
            "license": [
                "Apache-2.0",
                "GPL-2.0"
            ],
            "authors": [
                {
                    "name": "Jakub Vrána",
                    "homepage": "https://www.vrana.cz"
                }
            ],
            "description": "Remove spaces and comments from JavaScript code (available in PHP and JavaScript).",
            "homepage": "https://github.com/vrana/JsShrink",
            "support": {
                "issues": "https://github.com/vrana/JsShrink/issues",
                "source": "https://github.com/vrana/JsShrink/tree/main"
            },
            "time": "2026-07-21T12:49:35+00:00"
        },
        {
            "name": "vrana/jush",
            "version": "dev-custom",
            "source": {
                "type": "git",
                "url": "https://github.com/peterpp/jush.git",
                "reference": "2a17193b9a68d91b81b98d06668f765f6167acf3"
            },
            "dist": {
                "type": "zip",
                "url": "https://api.github.com/repos/peterpp/jush/zipball/2a17193b9a68d91b81b98d06668f765f6167acf3",
                "reference": "2a17193b9a68d91b81b98d06668f765f6167acf3",
                "shasum": ""
            },
            "type": "library",
            "license": [
                "Apache-2.0",
                "GPL-2.0-only"
            ],
            "authors": [
                {
                    "name": "Jakub Vrána",
                    "homepage": "https://www.vrana.cz/"
                }
            ],
            "description": "JUSH - JavaScript Syntax Highlighter",
            "homepage": "https://jush.sourceforge.io/",
            "keywords": [
                "javascript",
                "syntax highlighter"
            ],
            "support": {
                "source": "https://github.com/vrana/jush/"
            },
            "time": "2026-09-05T20:24:15+00:00"
        },
        {
            "name": "vrana/phpshrink",
            "version": "dev-main",
            "source": {
                "type": "git",
                "url": "https://github.com/vrana/PhpShrink.git",
                "reference": "5cbea29c9c09776a469f546c2b093e4ba93be16a"
            },
            "dist": {
                "type": "zip",
                "url": "https://api.github.com/repos/vrana/PhpShrink/zipball/5cbea29c9c09776a469f546c2b093e4ba93be16a",
                "reference": "5cbea29c9c09776a469f546c2b093e4ba93be16a",
                "shasum": ""
            },
            "require": {
                "php": ">=5.3"
            },
            "default-branch": true,
            "type": "library",
            "notification-url": "https://packagist.org/downloads/",
            "license": [
                "Apache-2.0"
            ],
            "authors": [
                {
                    "name": "Jakub Vrána",
                    "homepage": "https://www.vrana.cz"
                }
            ],
            "description": "Remove spaces and comments from PHP code.",
            "homepage": "https://github.com/vrana/PhpShrink",
            "support": {
                "issues": "https://github.com/vrana/PhpShrink/issues",
                "source": "https://github.com/vrana/PhpShrink/tree/main"
            },
            "time": "2026-07-26T21:32:58+00:00"
        }
    ],
    "aliases": [],
    "minimum-stability": "stable",
    "stability-flags": {
        "vrana/jsshrink": 20,
        "vrana/jush": 20,
        "vrana/phpshrink": 20
    },
    "prefer-stable": false,
    "prefer-lowest": false,
    "platform": {
        "php": "7.1 - 8.5",
        "ext-json": "*"
    },
    "platform-dev": {
        "ext-zlib": "*"
    },
    "plugin-api-version": "2.9.0"
}
